
Microsoft Visual Studio Solution File, Format Version 12.00
# Visual Studio 15
VisualStudioVersion = 15.0.27004.2005
MinimumVisualStudioVersion = 10.0.40219.1
Project("{FAE04EC0-301F-11D3-BF4B-00C04F79EFBC}") = "PlayingCards", "PlayingCards\PlayingCards.csproj", "{D6D47F9C-BB39-4830-B98C-1AED782B7B0A}"
EndProject
Global
	GlobalSection(SolutionConfigurationPlatforms) = preSolution
		Debug|Any CPU = Debug|Any CPU
		Release|Any CPU = Release|Any CPU
	EndGlobalSection
	GlobalSection(ProjectConfigurationPlatforms) = postSolution
		{D6D47F9C-BB39-4830-B98C-1AED782B7B0A}.Debug|Any CPU.ActiveCfg = Debug|Any CPU
		{D6D47F9C-BB39-4830-B98C-1AED782B7B0A}.Debug|Any CPU.Build.0 = Debug|Any CPU
		{D6D47F9C-BB39-4830-B98C-1AED782B7B0A}.Release|Any CPU.ActiveCfg = Release|Any CPU
		{D6D47F9C-BB39-4830-B98C-1AED782B7B0A}.Release|Any CPU.Build.0 = Release|Any CPU
	EndGlobalSection
	GlobalSection(SolutionProperties) = preSolution
		HideSolutionNode = FALSE
	EndGlobalSection
	GlobalSection(ExtensibilityGlobals) = postSolution
		SolutionGuid = {A85D4072-8CBD-468A-92F6-50099DF4D686}
	EndGlobalSection
	GlobalSection(TeamFoundationVersionControl) = preSolution
		SccNumberOfProjects = 2
		SccEnterpriseProvider = {4CA58AB2-18FA-4F8D-95D4-32DDF27D184C}
		SccTeamFoundationServer = https://kenannur-hotmail.visualstudio.com/
		SccLocalPath0 = .
		SccProjectUniqueName1 = PlayingCards\\PlayingCards.csproj
		SccProjectName1 = PlayingCards
		SccLocalPath1 = PlayingCards
	EndGlobalSection
EndGlobal
